{
  "name": "turborepo-shadcn-tailwind-v4",
  "lockfileVersion": 3,
  "requires": true,
  "packages": {
    "": {
      "name": "turborepo-shadcn-tailwind-v4",
      "devDependencies": {
        "prettier": "^3.5.0",
        "turbo": "^2.4.4",
        "typescript": "5.7.3"
      },
      "engines": {
        "node": ">=22",
        "pnpm": ">=9"
      }
    },
    "node_modules/prettier": {
      "version": "3.5.3",
      "resolved": "https://registry.npmjs.org/prettier/-/prettier-3.5.3.tgz",
      "integrity": "sha512-QQtaxnoDJeAkDvDKWCLiwIXkTgRhwYDEQCghU9Z6q03iyek/rxRh/2lC3HB7P8sWT2xC/y5JDctPLBIGzHKbhw==",
      "dev": true,
      "license": "MIT",
      "bin": {
        "prettier": "bin/prettier.cjs"
      },
      "engines": {
        "node": ">=14"
      },
      "funding": {
        "url": "https://github.com/prettier/prettier?sponsor=1"
      }
    },
    "node_modules/turbo": {
      "version": "2.5.2",
      "resolved": "https://registry.npmjs.org/turbo/-/turbo-2.5.2.tgz",
      "integrity": "sha512-Qo5lfuStr6LQh3sPQl7kIi243bGU4aHGDQJUf6ylAdGwks30jJFloc9NYHP7Y373+gGU9OS0faA4Mb5Sy8X9Xw==",
      "dev": true,
      "license": "MIT",
      "bin": {
        "turbo": "bin/turbo"
      },
      "optionalDependencies": {
        "turbo-darwin-64": "2.5.2",
        "turbo-darwin-arm64": "2.5.2",
        "turbo-linux-64": "2.5.2",
        "turbo-linux-arm64": "2.5.2",
        "turbo-windows-64": "2.5.2",
        "turbo-windows-arm64": "2.5.2"
      }
    },
    "node_modules/turbo-darwin-64": {
      "version": "2.5.2",
      "resolved": "https://registry.npmjs.org/turbo-darwin-64/-/turbo-darwin-64-2.5.2.tgz",
      "integrity": "sha512-2aIl0Sx230nLk+Cg2qSVxvPOBWCZpwKNuAMKoROTvWKif6VMpkWWiR9XEPoz7sHeLmCOed4GYGMjL1bqAiIS/g==",
      "cpu": [
        "x64"
      ],
      "dev": true,
      "license": "MIT",
      "optional": true,
      "os": [
        "darwin"
      ]
    },
    "node_modules/turbo-darwin-arm64": {
      "version": "2.5.2",
      "resolved": "https://registry.npmjs.org/turbo-darwin-arm64/-/turbo-darwin-arm64-2.5.2.tgz",
      "integrity": "sha512-MrFYhK/jYu8N6QlqZtqSHi3e4QVxlzqU3ANHTKn3/tThuwTLbNHEvzBPWSj5W7nZcM58dCqi6gYrfRz6bJZyAA==",
      "cpu": [
        "arm64"
      ],
      "dev": true,
      "license": "MIT",
      "optional": true,
      "os": [
        "darwin"
      ]
    },
    "node_modules/turbo-linux-64": {
      "version": "2.5.2",
      "resolved": "https://registry.npmjs.org/turbo-linux-64/-/turbo-linux-64-2.5.2.tgz",
      "integrity": "sha512-LxNqUE2HmAJQ/8deoLgMUDzKxd5bKxqH0UBogWa+DF+JcXhtze3UTMr6lEr0dEofdsEUYK1zg8FRjglmwlN5YA==",
      "cpu": [
        "x64"
      ],
      "dev": true,
      "license": "MIT",
      "optional": true,
      "os": [
        "linux"
      ]
    },
    "node_modules/turbo-linux-arm64": {
      "version": "2.5.2",
      "resolved": "https://registry.npmjs.org/turbo-linux-arm64/-/turbo-linux-arm64-2.5.2.tgz",
      "integrity": "sha512-0MI1Ao1q8zhd+UUbIEsrM+yLq1BsrcJQRGZkxIsHFlGp7WQQH1oR3laBgfnUCNdCotCMD6w4moc9pUbXdOR3bg==",
      "cpu": [
        "arm64"
      ],
      "dev": true,
      "license": "MIT",
      "optional": true,
      "os": [
        "linux"
      ]
    },
    "node_modules/turbo-windows-64": {
      "version": "2.5.2",
      "resolved": "https://registry.npmjs.org/turbo-windows-64/-/turbo-windows-64-2.5.2.tgz",
      "integrity": "sha512-hOLcbgZzE5ttACHHyc1ajmWYq4zKT42IC3G6XqgiXxMbS+4eyVYTL+7UvCZBd3Kca1u4TLQdLQjeO76zyDJc2A==",
      "cpu": [
        "x64"
      ],
      "dev": true,
      "license": "MIT",
      "optional": true,
      "os": [
        "win32"
      ]
    },
    "node_modules/turbo-windows-arm64": {
      "version": "2.5.2",
      "resolved": "https://registry.npmjs.org/turbo-windows-arm64/-/turbo-windows-arm64-2.5.2.tgz",
      "integrity": "sha512-fMU41ABhSLa18H8V3Z7BMCGynQ8x+wj9WyBMvWm1jeyRKgkvUYJsO2vkIsy8m0vrwnIeVXKOIn6eSe1ddlBVqw==",
      "cpu": [
        "arm64"
      ],
      "dev": true,
      "license": "MIT",
      "optional": true,
      "os": [
        "win32"
      ]
    },
    "node_modules/typescript": {
      "version": "5.7.3",
      "resolved": "https://registry.npmjs.org/typescript/-/typescript-5.7.3.tgz",
      "integrity": "sha512-84MVSjMEHP+FQRPy3pX9sTVV/INIex71s9TL2Gm5FG/WG1SqXeKyZ0k7/blY/4FdOzI12CBy1vGc4og/eus0fw==",
      "dev": true,
      "license": "Apache-2.0",
      "bin": {
        "tsc": "bin/tsc",
        "tsserver": "bin/tsserver"
      },
      "engines": {
        "node": ">=14.17"
      }
    }
  }
}
